
Microsoft Visual Studio Solution File, Format Version 12.00
# Visual Studio Version 17
VisualStudioVersion = 17.6.33723.286
MinimumVisualStudioVersion = 10.0.40219.1
Project("{2150E333-8FDC-42A3-9474-1A3956D46DE8}") = "src", "src", "{C97825AE-9A6F-49BC-8A13-FF042BE83176}"
EndProject
Project("{2150E333-8FDC-42A3-9474-1A3956D46DE8}") = "01 - Application", "01 - Application", "{5C2C0E87-1299-44AF-B548-58ADFBBDF78E}"
EndProject
Project("{2150E333-8FDC-42A3-9474-1A3956D46DE8}") = "02 - Domain", "02 - Domain", "{89410C81-7D2A-4C60-B271-F8DE6590941E}"
EndProject
Project("{2150E333-8FDC-42A3-9474-1A3956D46DE8}") = "03 - Service", "03 - Service", "{C5490009-3309-41BA-B32F-7903FAF53F7D}"
EndProject
Project("{2150E333-8FDC-42A3-9474-1A3956D46DE8}") = "04 - Infra", "04 - Infra", "{D3DD21AB-067C-419A-B4FD-BC8DC0AE64B4}"
EndProject
Project("{2150E333-8FDC-42A3-9474-1A3956D46DE8}") = "Web", "Web", "{9F2F6D2D-E672-4EF8-BA45-11605A1E93CC}"
EndProject
Project("{2150E333-8FDC-42A3-9474-1A3956D46DE8}") = "Core", "Core", "{65AAA52C-8D5F-4F28-BF46-8E0DA3930F5F}"
EndProject
Project("{2150E333-8FDC-42A3-9474-1A3956D46DE8}") = "Services", "Services", "{1627E34C-D673-4715-B1B3-CB1796914D62}"
EndProject
Project("{2150E333-8FDC-42A3-9474-1A3956D46DE8}") = "Data", "Data", "{7282A7A0-D6BB-4579-BE90-BE411DE4C9C1}"
EndProject
Project("{FAE04EC0-301F-11D3-BF4B-00C04F79EFBC}") = "TaskManager.Infra.Data", "src\TaskManager.Infra.Data\TaskManager.Infra.Data.csproj", "{A52DA4CA-16CD-4FC9-879D-3B3B2074E29C}"
EndProject
Project("{FAE04EC0-301F-11D3-BF4B-00C04F79EFBC}") = "TaskManager.Core", "src\TaskManager.Core\TaskManager.Core.csproj", "{AD7B2B8A-44C3-42F3-A40C-DA9B4D0E1B6C}"
EndProject
Project("{2150E333-8FDC-42A3-9474-1A3956D46DE8}") = "Api", "Api", "{F25342EA-DF84-46DB-8A02-56FC9D65D03E}"
EndProject
Global
	GlobalSection(SolutionConfigurationPlatforms) = preSolution
		Debug|Any CPU = Debug|Any CPU
		Release|Any CPU = Release|Any CPU
	EndGlobalSection
	GlobalSection(ProjectConfigurationPlatforms) = postSolution
		{A52DA4CA-16CD-4FC9-879D-3B3B2074E29C}.Debug|Any CPU.ActiveCfg = Debug|Any CPU
		{A52DA4CA-16CD-4FC9-879D-3B3B2074E29C}.Debug|Any CPU.Build.0 = Debug|Any CPU
		{A52DA4CA-16CD-4FC9-879D-3B3B2074E29C}.Release|Any CPU.ActiveCfg = Release|Any CPU
		{A52DA4CA-16CD-4FC9-879D-3B3B2074E29C}.Release|Any CPU.Build.0 = Release|Any CPU
		{AD7B2B8A-44C3-42F3-A40C-DA9B4D0E1B6C}.Debug|Any CPU.ActiveCfg = Debug|Any CPU
		{AD7B2B8A-44C3-42F3-A40C-DA9B4D0E1B6C}.Debug|Any CPU.Build.0 = Debug|Any CPU
		{AD7B2B8A-44C3-42F3-A40C-DA9B4D0E1B6C}.Release|Any CPU.ActiveCfg = Release|Any CPU
		{AD7B2B8A-44C3-42F3-A40C-DA9B4D0E1B6C}.Release|Any CPU.Build.0 = Release|Any CPU
	EndGlobalSection
	GlobalSection(SolutionProperties) = preSolution
		HideSolutionNode = FALSE
	EndGlobalSection
	GlobalSection(NestedProjects) = preSolution
		{5C2C0E87-1299-44AF-B548-58ADFBBDF78E} = {C97825AE-9A6F-49BC-8A13-FF042BE83176}
		{89410C81-7D2A-4C60-B271-F8DE6590941E} = {C97825AE-9A6F-49BC-8A13-FF042BE83176}
		{C5490009-3309-41BA-B32F-7903FAF53F7D} = {C97825AE-9A6F-49BC-8A13-FF042BE83176}
		{D3DD21AB-067C-419A-B4FD-BC8DC0AE64B4} = {C97825AE-9A6F-49BC-8A13-FF042BE83176}
		{9F2F6D2D-E672-4EF8-BA45-11605A1E93CC} = {5C2C0E87-1299-44AF-B548-58ADFBBDF78E}
		{65AAA52C-8D5F-4F28-BF46-8E0DA3930F5F} = {89410C81-7D2A-4C60-B271-F8DE6590941E}
		{1627E34C-D673-4715-B1B3-CB1796914D62} = {C5490009-3309-41BA-B32F-7903FAF53F7D}
		{7282A7A0-D6BB-4579-BE90-BE411DE4C9C1} = {D3DD21AB-067C-419A-B4FD-BC8DC0AE64B4}
		{A52DA4CA-16CD-4FC9-879D-3B3B2074E29C} = {7282A7A0-D6BB-4579-BE90-BE411DE4C9C1}
		{AD7B2B8A-44C3-42F3-A40C-DA9B4D0E1B6C} = {65AAA52C-8D5F-4F28-BF46-8E0DA3930F5F}
		{F25342EA-DF84-46DB-8A02-56FC9D65D03E} = {1627E34C-D673-4715-B1B3-CB1796914D62}
	EndGlobalSection
	GlobalSection(ExtensibilityGlobals) = postSolution
		SolutionGuid = {38BCC908-D0AC-4AD8-B956-4731710EB1CE}
	EndGlobalSection
EndGlobal
